# THIS IS AN AUTOGENERATED FILE. DO NOT EDIT THIS FILE DIRECTLY.
# yarn lockfile v1


"@babel/runtime@7.9.6":
  version "7.9.6"
  resolved "https://registry.yarnpkg.com/@babel/runtime/-/runtime-7.9.6.tgz#a9102eb5cadedf3f31d08a9ecf294af7827ea29f"
  integrity sha512-64AF1xY3OAkFHqOb9s4jpgk1Mm5vDZ4L3acHvAml+53nO1XbXLuDodsVpO4OIUsmemlUHMxNdYMNJmsvOwLrvQ==
  dependencies:
    regenerator-runtime "^0.13.4"

"@babel/runtime@^7.5.5", "@babel/runtime@^7.6.2", "@babel/runtime@^7.8.7":
  version "7.21.0"
  resolved "https://registry.yarnpkg.com/@babel/runtime/-/runtime-7.21.0.tgz#5b55c9d394e5fcf304909a8b00c07dc217b56673"
  integrity sha512-xwII0//EObnq89Ji5AKYQaRYiW/nZ3llSv29d49IuxPhKbtJoLP+9QUUZ4nVragQVtaVGeZrpB+ZtG/Pdy/POw==
  dependencies:
    regenerator-runtime "^0.13.11"

"@formatjs/ecma402-abstract@1.14.3":
  version "1.14.3"
  resolved "https://registry.yarnpkg.com/@formatjs/ecma402-abstract/-/ecma402-abstract-1.14.3.tgz#6428f243538a11126180d121ce8d4b2f17465738"
  integrity sha512-SlsbRC/RX+/zg4AApWIFNDdkLtFbkq3LNoZWXZCE/nHVKqoIJyaoQyge/I0Y38vLxowUn9KTtXgusLD91+orbg==
  dependencies:
    "@formatjs/intl-localematcher" "0.2.32"
    tslib "^2.4.0"

"@formatjs/fast-memoize@2.0.1":
  version "2.0.1"
  resolved "https://registry.yarnpkg.com/@formatjs/fast-memoize/-/fast-memoize-2.0.1.tgz#f15aaa73caad5562899c69bdcad8db82adcd3b0b"
  integrity sha512-M2GgV+qJn5WJQAYewz7q2Cdl6fobQa69S1AzSM2y0P68ZDbK5cWrJIcPCO395Of1ksftGZoOt4LYCO/j9BKBSA==
  dependencies:
    tslib "^2.4.0"

"@formatjs/icu-messageformat-parser@2.3.0":
  version "2.3.0"
  resolved "https://registry.yarnpkg.com/@formatjs/icu-messageformat-parser/-/icu-messageformat-parser-2.3.0.tgz#8e8fd577c3e39454ef14bba4963f2e1d5f2cc46c"
  integrity sha512-xqtlqYAbfJDF4b6e4O828LBNOWXrFcuYadqAbYORlDRwhyJ2bH+xpUBPldZbzRGUN2mxlZ4Ykhm7jvERtmI8NQ==
  dependencies:
    "@formatjs/ecma402-abstract" "1.14.3"
    "@formatjs/icu-skeleton-parser" "1.3.18"
    tslib "^2.4.0"

"@formatjs/icu-skeleton-parser@1.3.18":
  version "1.3.18"
  resolved "https://registry.yarnpkg.com/@formatjs/icu-skeleton-parser/-/icu-skeleton-parser-1.3.18.tgz#7aed3d60e718c8ad6b0e64820be44daa1e29eeeb"
  integrity sha512-ND1ZkZfmLPcHjAH1sVpkpQxA+QYfOX3py3SjKWMUVGDow18gZ0WPqz3F+pJLYQMpS2LnnQ5zYR2jPVYTbRwMpg==
  dependencies:
    "@formatjs/ecma402-abstract" "1.14.3"
    tslib "^2.4.0"

"@formatjs/intl-localematcher@0.2.32":
  version "0.2.32"
  resolved "https://registry.yarnpkg.com/@formatjs/intl-localematcher/-/intl-localematcher-0.2.32.tgz#00d4d307cd7d514b298e15a11a369b86c8933ec1"
  integrity sha512-k/MEBstff4sttohyEpXxCmC3MqbUn9VvHGlZ8fauLzkbwXmVrEeyzS+4uhrvAk9DWU9/7otYWxyDox4nT/KVLQ==
  dependencies:
    tslib "^2.4.0"

"@internationalized/date@3.0.0-rc.1":
  version "3.0.0-rc.1"
  resolved "https://registry.yarnpkg.com/@internationalized/date/-/date-3.0.0-rc.1.tgz#828f79517249ac65982ec760205089a98ec56555"
  integrity sha512-IHc1NqUTA/fo9nf0pwRXrMjrabJ/9vTw5RIFAF3qS8JsdEGnw3dIyDb/+ipjEEqZyHVHHXwnqD8hKM18gGoWTg==
  dependencies:
    "@babel/runtime" "^7.6.2"

"@internationalized/date@^3.2.0":
  version "3.2.0"
  resolved "https://registry.yarnpkg.com/@internationalized/date/-/date-3.2.0.tgz#1d266e5e5543a059cf8cca9b954fa033c3e58a75"
  integrity sha512-VDMHN1m33L4eqPs5BaihzgQJXyaORbMoHOtrapFxx179J8ucY5CRIHYsq5RRLKPHZWgjNfa5v6amWWDkkMFywA==
  dependencies:
    "@swc/helpers" "^0.4.14"

"@internationalized/message@^3.0.7", "@internationalized/message@^3.1.0":
  version "3.1.0"
  resolved "https://registry.yarnpkg.com/@internationalized/message/-/message-3.1.0.tgz#b284014cd8bbb430a648b76c87c62bdca968b04c"
  integrity sha512-Oo5m70FcBdADf7G8NkUffVSfuCdeAYVfsvNjZDi9ELpjvkc4YNJVTHt/NyTI9K7FgAVoELxiP9YmN0sJ+HNHYQ==
  dependencies:
    "@swc/helpers" "^0.4.14"
    intl-messageformat "^10.1.0"

"@internationalized/number@^3.1.1", "@internationalized/number@^3.2.0":
  version "3.2.0"
  resolved "https://registry.yarnpkg.com/@internationalized/number/-/number-3.2.0.tgz#dffb661cacd61a87b814c47b7d5240a286249066"
  integrity sha512-GUXkhXSX1Ee2RURnzl+47uvbOxnlMnvP9Er+QePTjDjOPWuunmLKlEkYkEcLiiJp7y4l9QxGDLOlVr8m69LS5w==
  dependencies:
    "@swc/helpers" "^0.4.14"

"@internationalized/string@^3.1.0":
  version "3.1.0"
  resolved "https://registry.yarnpkg.com/@internationalized/string/-/string-3.1.0.tgz#0b365906a8c3f44800b0db52c2e990cff345abce"
  integrity sha512-TJQKiyUb+wyAfKF59UNeZ/kELMnkxyecnyPCnBI1ma4NaXReJW+7Cc2mObXAqraIBJUVv7rgI46RLKrLgi35ng==
  dependencies:
    "@swc/helpers" "^0.4.14"

"@next/env@13.3.0":
  version "13.3.0"
  resolved "https://registry.yarnpkg.com/@next/env/-/env-13.3.0.tgz#cc2e49f03060a4684ce7ec7fd617a21bc5b9edba"
  integrity sha512-AjppRV4uG3No7L1plinoTQETH+j2F10TEnrMfzbTUYwze5sBUPveeeBAPZPm8OkJZ1epq9OyYKhZrvbD6/9HCQ==

"@next/swc-darwin-arm64@13.3.0":
  version "13.3.0"
  resolved "https://registry.yarnpkg.com/@next/swc-darwin-arm64/-/swc-darwin-arm64-13.3.0.tgz#38f18e0639cd4c7edc6a38d4b83fe00f38eea4f2"
  integrity sha512-DmIQCNq6JtccLPPBzf0dgh2vzMWt5wjxbP71pCi5EWpWYE3MsP6FcRXi4MlAmFNDQOfcFXR2r7kBeG1LpZUh1w==

"@next/swc-darwin-x64@13.3.0":
  version "13.3.0"
  resolved "https://registry.yarnpkg.com/@next/swc-darwin-x64/-/swc-darwin-x64-13.3.0.tgz#b670ed1fd1d231aa21279173ec52e3ad56dc6aeb"
  integrity sha512-oQoqFa88OGgwnYlnAGHVct618FRI/749se0N3S8t9Bzdv5CRbscnO0RcX901+YnNK4Q6yeiizfgO3b7kogtsZg==

"@next/swc-linux-arm64-gnu@13.3.0":
  version "13.3.0"
  resolved "https://registry.yarnpkg.com/@next/swc-linux-arm64-gnu/-/swc-linux-arm64-gnu-13.3.0.tgz#b114935f6b4c94c123f6cac55a4823d483209ba5"
  integrity sha512-Wzz2p/WqAJUqTVoLo6H18WMeAXo3i+9DkPDae4oQG8LMloJ3if4NEZTnOnTUlro6cq+S/W4pTGa97nWTrOjbGw==

"@next/swc-linux-arm64-musl@13.3.0":
  version "13.3.0"
  resolved "https://registry.yarnpkg.com/@next/swc-linux-arm64-musl/-/swc-linux-arm64-musl-13.3.0.tgz#67a57309f8761c7d00d629d6785d56ed0567a0d2"
  integrity sha512-xPVrIQOQo9WXJYgmoTlMnAD/HlR/1e1ZIWGbwIzEirXBVBqMARUulBEIKdC19zuvoJ477qZJgBDCKtKEykCpyQ==

"@next/swc-linux-x64-gnu@13.3.0":
  version "13.3.0"
  resolved "https://registry.yarnpkg.com/@next/swc-linux-x64-gnu/-/swc-linux-x64-gnu-13.3.0.tgz#11bd2bea7c00b40be111c0dd16e71171f3792086"
  integrity sha512-jOFlpGuPD7W2tuXVJP4wt9a3cpNxWAPcloq5EfMJRiXsBBOjLVFZA7boXYxEBzSVgUiVVr1V9T0HFM7pULJ1qA==

"@next/swc-linux-x64-musl@13.3.0":
  version "13.3.0"
  resolved "https://registry.yarnpkg.com/@next/swc-linux-x64-musl/-/swc-linux-x64-musl-13.3.0.tgz#d57e99f85890799b78719c3ea32a4624de8d701b"
  integrity sha512-2OwKlzaBgmuet9XYHc3KwsEilzb04F540rlRXkAcjMHL7eCxB7uZIGtsVvKOnQLvC/elrUegwSw1+5f7WmfyOw==

"@next/swc-win32-arm64-msvc@13.3.0":
  version "13.3.0"
  resolved "https://registry.yarnpkg.com/@next/swc-win32-arm64-msvc/-/swc-win32-arm64-msvc-13.3.0.tgz#0c209aa35d1c88b01e78259a89cd68f4139b5093"
  integrity sha512-OeHiA6YEvndxT46g+rzFK/MQTfftKxJmzslERMu9LDdC6Kez0bdrgEYed5eXFK2Z1viKZJCGRlhd06rBusyztA==

"@next/swc-win32-ia32-msvc@13.3.0":
  version "13.3.0"
  resolved "https://registry.yarnpkg.com/@next/swc-win32-ia32-msvc/-/swc-win32-ia32-msvc-13.3.0.tgz#52ae74da1dd6d840c3743923367d27ed013803dd"
  integrity sha512-4aB7K9mcVK1lYEzpOpqWrXHEZympU3oK65fnNcY1Qc4HLJFLJj8AViuqQd4jjjPNuV4sl8jAwTz3gN5VNGWB7w==

"@next/swc-win32-x64-msvc@13.3.0":
  version "13.3.0"
  resolved "https://registry.yarnpkg.com/@next/swc-win32-x64-msvc/-/swc-win32-x64-msvc-13.3.0.tgz#db7b55fee834dc8c2c484c696469e65bae2ee770"
  integrity sha512-Reer6rkLLcoOvB0dd66+Y7WrWVFH7sEEkF/4bJCIfsSKnTStTYaHtwIJAwbqnt9I392Tqvku0KkoqZOryWV9LQ==

"@nextui-org/react@1.0.0-beta.9":
  version "1.0.0-beta.9"
  resolved "https://registry.yarnpkg.com/@nextui-org/react/-/react-1.0.0-beta.9.tgz#e91b48abdc0f360e94e9e9784e1ac17c0c44f892"
  integrity sha512-V8SmkdcCKcPZsF2BWV2rXi2e4Q+5c8r3G1QjvIhyRdm81xicbZFMzIga0KMrccj8lshDSoa8pErxQdnzosjyTg==
  dependencies:
    "@babel/runtime" "7.9.6"
    "@react-aria/button" "3.5.0"
    "@react-aria/checkbox" "3.4.0"
    "@react-aria/dialog" "3.2.0"
    "@react-aria/focus" "3.6.0"
    "@react-aria/i18n" "3.4.0"
    "@react-aria/interactions" "3.9.0"
    "@react-aria/label" "3.3.0"
    "@react-aria/menu" "3.5.0"
    "@react-aria/overlays" "3.9.0"
    "@react-aria/radio" "3.2.0"
    "@react-aria/ssr" "3.2.0"
    "@react-aria/table" "3.3.0"
    "@react-aria/utils" "3.13.0"
    "@react-aria/visually-hidden" "3.3.0"
    "@react-stately/checkbox" "3.1.0"
    "@react-stately/data" "3.5.0"
    "@react-stately/overlays" "3.3.0"
    "@react-stately/radio" "3.4.0"
    "@react-stately/table" "3.2.0"
    "@react-stately/toggle" "3.3.0"
    "@react-stately/tree" "3.3.0"
    "@react-types/button" "^3.5.0"
    "@react-types/checkbox" "3.3.0"
    "@react-types/grid" "3.1.0"
    "@react-types/menu" "3.6.0"
    "@react-types/overlays" "3.6.0"
    "@react-types/shared" "3.13.0"
    "@stitches/react" "1.2.8"

"@react-aria/button@3.5.0":
  version "3.5.0"
  resolved "https://registry.yarnpkg.com/@react-aria/button/-/button-3.5.0.tgz#8b27d0bca98ccd6cd1999e3c21a89f907eafcfda"
  integrity sha512-S15W77YemT5g8jNHr8QpIHqT242TxpiBwzj3D0HsQFKoTEb5uXoNAIqZinDjhmbl4ovx2s7h/XevqDNEzvjAtw==
  dependencies:
    "@babel/runtime" "^7.6.2"
    "@react-aria/focus" "^3.6.0"
    "@react-aria/interactions" "^3.9.0"
    "@react-aria/utils" "^3.13.0"
    "@react-stately/toggle" "^3.3.0"
    "@react-types/button" "^3.5.0"

"@react-aria/checkbox@3.4.0":
  version "3.4.0"
  resolved "https://registry.yarnpkg.com/@react-aria/checkbox/-/checkbox-3.4.0.tgz#d6ac125c0d91c22052d14e12f153a840d4b265a6"
  integrity sha512-G1lxa7Glb0HWOjPyA4bYx8n3vAPGF7GKpZ7E4wGnMt3UQfslHavhEmtFyplt3l0f4OkhV8E/yr8SXnNb0cZDLQ==
  dependencies:
    "@babel/runtime" "^7.6.2"
    "@react-aria/label" "^3.3.0"
    "@react-aria/toggle" "^3.3.0"
    "@react-aria/utils" "^3.13.0"
    "@react-stately/checkbox" "^3.1.0"
    "@react-stately/toggle" "^3.3.0"
    "@react-types/checkbox" "^3.3.0"

"@react-aria/dialog@3.2.0":
  version "3.2.0"
  resolved "https://registry.yarnpkg.com/@react-aria/dialog/-/dialog-3.2.0.tgz#065bcf2eb2afe3bdb199580a951960a182eb317e"
  integrity sha512-ScjjfpNw9cvznuGjG+Q15U6wvLkwF++0NbE7v9PILWp1Vs3UHFyKJ7VrxUiDuG20rM3gfTYP8hi55CjwY7wbNA==
  dependencies:
    "@babel/runtime" "^7.6.2"
    "@react-aria/focus" "^3.6.0"
    "@react-aria/utils" "^3.13.0"
    "@react-stately/overlays" "^3.3.0"
    "@react-types/dialog" "^3.4.0"

"@react-aria/focus@3.6.0":
  version "3.6.0"
  resolved "https://registry.yarnpkg.com/@react-aria/focus/-/focus-3.6.0.tgz#45ff8aeaad3b594df54699ea3ea78296cb73fb5b"
  integrity sha512-1XuwDvhrmLcNnYHBFzwmZOoXuxkybRc8MUhiGLYRD1aVX1h9GarglYo9sfbGZNRO5jxMptXjtJv2rdWz1mHmQw==
  dependencies:
    "@babel/runtime" "^7.6.2"
    "@react-aria/interactions" "^3.9.0"
    "@react-aria/utils" "^3.13.0"
    "@react-types/shared" "^3.13.0"
    clsx "^1.1.1"

"@react-aria/focus@^3.12.0", "@react-aria/focus@^3.6.0":
  version "3.12.0"
  resolved "https://registry.yarnpkg.com/@react-aria/focus/-/focus-3.12.0.tgz#ac01f13782c608d0ed24a3f0b39c96b4a0031716"
  integrity sha512-nY6/2lpXzLep6dzQEESoowiSqNcy7DFWuRD/qHj9uKcQwWpYH/rqBrHVS/RNvL6Cz/fBA7L/4AzByJ6pTBtoeA==
  dependencies:
    "@react-aria/interactions" "^3.15.0"
    "@react-aria/utils" "^3.16.0"
    "@react-types/shared" "^3.18.0"
    "@swc/helpers" "^0.4.14"
    clsx "^1.1.1"

"@react-aria/grid@^3.3.0":
  version "3.7.0"
  resolved "https://registry.yarnpkg.com/@react-aria/grid/-/grid-3.7.0.tgz#f09f3a1697fe39c246cb6aa4bfd47aa8ab00f8c8"
  integrity sha512-jXo+/wQotHDSaMSVdVT7Hxzz65Nj2yK1wssIUQPEZalRhcosGWI1vhdQOD0g9GQL1l5DLyw0m55sych6naeBlw==
  dependencies:
    "@react-aria/focus" "^3.12.0"
    "@react-aria/i18n" "^3.7.1"
    "@react-aria/interactions" "^3.15.0"
    "@react-aria/live-announcer" "^3.3.0"
    "@react-aria/selection" "^3.14.0"
    "@react-aria/utils" "^3.16.0"
    "@react-stately/collections" "^3.7.0"
    "@react-stately/grid" "^3.6.0"
    "@react-stately/selection" "^3.13.0"
    "@react-stately/virtualizer" "^3.5.1"
    "@react-types/checkbox" "^3.4.3"
    "@react-types/grid" "^3.1.7"
    "@react-types/shared" "^3.18.0"
    "@swc/helpers" "^0.4.14"

"@react-aria/i18n@3.4.0":
  version "3.4.0"
  resolved "https://registry.yarnpkg.com/@react-aria/i18n/-/i18n-3.4.0.tgz#7ee8c468ce85b959ecef90e403332cbbc1ab9d01"
  integrity sha512-2pU13zT9bgD4eMlqfJ/Um2wjYRS7ORvR0jqGSfNzY9Lx+1IeSCqTkBNubT7bCV+Oc0LMUR93fGRDxfdtMyJCog==
  dependencies:
    "@babel/runtime" "^7.6.2"
    "@internationalized/date" "3.0.0-rc.1"
    "@internationalized/message" "^3.0.7"
    "@internationalized/number" "^3.1.1"
    "@react-aria/ssr" "^3.2.0"
    "@react-aria/utils" "^3.13.0"
    "@react-types/shared" "^3.13.0"

"@react-aria/i18n@^3.4.0", "@react-aria/i18n@^3.7.1":
  version "3.7.1"
  resolved "https://registry.yarnpkg.com/@react-aria/i18n/-/i18n-3.7.1.tgz#bd52869f67a5847f2dbe89603255a2dfc5ef45b4"
  integrity sha512-2fu1cv8yD3V+rlhOqstTdGAubadoMFuPE7lA1FfYdaJNxXa09iWqvpipUPlxYJrahW0eazkesOPDKFwOEMF1iA==
  dependencies:
    "@internationalized/date" "^3.2.0"
    "@internationalized/message" "^3.1.0"
    "@internationalized/number" "^3.2.0"
    "@internationalized/string" "^3.1.0"
    "@react-aria/ssr" "^3.6.0"
    "@react-aria/utils" "^3.16.0"
    "@react-types/shared" "^3.18.0"
    "@swc/helpers" "^0.4.14"

"@react-aria/interactions@3.9.0":
  version "3.9.0"
  resolved "https://registry.yarnpkg.com/@react-aria/interactions/-/interactions-3.9.0.tgz#cf15a1ba1402c2fc52d0c97aa7ccffa78204d166"
  integrity sha512-tf9vJtHf7DSnj4e/q19hoO5h61xb0qxNXUkOwaVwU1XlaA+eh+Qas2RF0GIMARLj+JhGX9y2nLjw3FK8F+pItQ==
  dependencies:
    "@babel/runtime" "^7.6.2"
    "@react-aria/utils" "^3.13.0"
    "@react-types/shared" "^3.13.0"

"@react-aria/interactions@^3.15.0", "@react-aria/interactions@^3.9.0":
  version "3.15.0"
  resolved "https://registry.yarnpkg.com/@react-aria/interactions/-/interactions-3.15.0.tgz#db638d6ae0407be52ecaa1882c2ebc2931880da8"
  integrity sha512-8br5uatPDISEWMINKGs7RhNPtqLhRsgwQsooaH7Jgxjs0LBlylODa8l7D3NA1uzVzlvfnZm/t2YN/y8ieRSDcQ==
  dependencies:
    "@react-aria/ssr" "^3.6.0"
    "@react-aria/utils" "^3.16.0"
    "@react-types/shared" "^3.18.0"
    "@swc/helpers" "^0.4.14"

"@react-aria/label@3.3.0":
  version "3.3.0"
  resolved "https://registry.yarnpkg.com/@react-aria/label/-/label-3.3.0.tgz#1a687c6b70d4bca4992433c97974b41df9f4dad4"
  integrity sha512-E8vOEWv04xGasDigbNtB0JOcq5ZLyPEbbOFSa5VgB7LfXu3i+82ZSAjTA1OtZwOc6MiiXRs5BuKx5HgiZn3HHA==
  dependencies:
    "@babel/runtime" "^7.6.2"
    "@react-aria/utils" "^3.13.0"
    "@react-types/label" "^3.6.0"
    "@react-types/shared" "^3.13.0"

"@react-aria/label@^3.3.0":
  version "3.5.1"
  resolved "https://registry.yarnpkg.com/@react-aria/label/-/label-3.5.1.tgz#ad7f9c141a1d5af143957716e01404ed4ab558e0"
  integrity sha512-3KNg6/MJNMN25o0psBbCWzhJNFjtT5NtYJPrFwGHbAfVWvMTRqNftoyrhR490Ac0q2eMKIXkULl1HVn3izrAuw==
  dependencies:
    "@react-aria/utils" "^3.16.0"
    "@react-types/label" "^3.7.3"
    "@react-types/shared" "^3.18.0"
    "@swc/helpers" "^0.4.14"

"@react-aria/live-announcer@^3.1.0", "@react-aria/live-announcer@^3.3.0":
  version "3.3.0"
  resolved "https://registry.yarnpkg.com/@react-aria/live-announcer/-/live-announcer-3.3.0.tgz#04a2a233c2f48c53994f83cafdc4336ec1ea3700"
  integrity sha512-6diTS6mIf70KdxfGqiDxHV+9Qv8a9A88EqBllzXGF6HWPdcwde/GIEmfpTwj8g1ImNGZYUwDkv4Hd9lFj0MXEg==
  dependencies:
    "@swc/helpers" "^0.4.14"

"@react-aria/menu@3.5.0":
  version "3.5.0"
  resolved "https://registry.yarnpkg.com/@react-aria/menu/-/menu-3.5.0.tgz#0505b8e11c27c4150454f17f6e09d7c2f186638d"
  integrity sha512-Y5L9ESVnTG2eUOmLk33oQEl5UEK/hCw50udOEqjPBgOVv4drIr8sc4ZcoB0U6IVVKbLHEskhW/ExqlJd6GSACQ==
  dependencies:
    "@babel/runtime" "^7.6.2"
    "@react-aria/i18n" "^3.4.0"
    "@react-aria/interactions" "^3.9.0"
    "@react-aria/overlays" "^3.9.0"
    "@react-aria/selection" "^3.9.0"
    "@react-aria/utils" "^3.13.0"
    "@react-stately/collections" "^3.4.0"
    "@react-stately/menu" "^3.3.0"
    "@react-stately/tree" "^3.3.0"
    "@react-types/button" "^3.5.0"
    "@react-types/menu" "^3.6.0"
    "@react-types/shared" "^3.13.0"

"@react-aria/overlays@3.9.0":
  version "3.9.0"
  resolved "https://registry.yarnpkg.com/@react-aria/overlays/-/overlays-3.9.0.tgz#950a9025e8d4086ce3840a97c52d0eb21d9c85c1"
  integrity sha512-YeZ+/0yfBAcqhuRF/Aas5ga9rZWff3EkhisEy1yXjOrf5veedqb05CsyjRkefZzmUeUggfq/AmqX0DJBlZFbxg==
  dependencies:
    "@babel/runtime" "^7.6.2"
    "@react-aria/i18n" "^3.4.0"
    "@react-aria/interactions" "^3.9.0"
    "@react-aria/utils" "^3.13.0"
    "@react-aria/visually-hidden" "^3.3.0"
    "@react-stately/overlays" "^3.3.0"
    "@react-types/button" "^3.5.0"
    "@react-types/overlays" "^3.6.0"
    "@react-types/shared" "^3.13.0"
    dom-helpers "^5.2.1"
    react-transition-group "^4.4.2"

"@react-aria/overlays@^3.9.0":
  version "3.14.0"
  resolved "https://registry.yarnpkg.com/@react-aria/overlays/-/overlays-3.14.0.tgz#2206ca33010dbf6f1986dac6019caeeb5632c03d"
  integrity sha512-lt4vOj44ho0LpmpaHwQ4VgX7eNfKXig9VD7cvE9u7uyECG51jqt9go19s4+/O+otX7pPrhdYlEB2FxLFJocxfw==
  dependencies:
    "@react-aria/focus" "^3.12.0"
    "@react-aria/i18n" "^3.7.1"
    "@react-aria/interactions" "^3.15.0"
    "@react-aria/ssr" "^3.6.0"
    "@react-aria/utils" "^3.16.0"
    "@react-aria/visually-hidden" "^3.8.0"
    "@react-stately/overlays" "^3.5.1"
    "@react-types/button" "^3.7.2"
    "@react-types/overlays" "^3.7.1"
    "@react-types/shared" "^3.18.0"
    "@swc/helpers" "^0.4.14"

"@react-aria/radio@3.2.0":
  version "3.2.0"
  resolved "https://registry.yarnpkg.com/@react-aria/radio/-/radio-3.2.0.tgz#f7f900ba78b160b09162f0c833bcebd3c3222eb0"
  integrity sha512-siJmgPckrc29W7dt1g9P2w6wNHMIVKaBSJfP3uQ3qTJcDdTF4sTcK+cre+2peuWrHJiYOCQW1mrRYqfgARDUaA==
  dependencies:
    "@babel/runtime" "^7.6.2"
    "@react-aria/focus" "^3.6.0"
    "@react-aria/i18n" "^3.4.0"
    "@react-aria/interactions" "^3.9.0"
    "@react-aria/label" "^3.3.0"
    "@react-aria/utils" "^3.13.0"
    "@react-stately/radio" "^3.4.0"
    "@react-types/radio" "^3.2.0"

"@react-aria/selection@^3.14.0", "@react-aria/selection@^3.9.0":
  version "3.14.0"
  resolved "https://registry.yarnpkg.com/@react-aria/selection/-/selection-3.14.0.tgz#33520cee7d3f67da0f1c718694c8f557f03a487f"
  integrity sha512-4/cq3mP75/qbhz2OkWmrfL6MJ+7+KfFsT6wvVNvxgOWR0n4jivHToKi3DXo2TzInvNU+10Ha7FCWavZoUNgSlA==
  dependencies:
    "@react-aria/focus" "^3.12.0"
    "@react-aria/i18n" "^3.7.1"
    "@react-aria/interactions" "^3.15.0"
    "@react-aria/utils" "^3.16.0"
    "@react-stately/collections" "^3.7.0"
    "@react-stately/selection" "^3.13.0"
    "@react-types/shared" "^3.18.0"
    "@swc/helpers" "^0.4.14"

"@react-aria/ssr@3.2.0":
  version "3.2.0"
  resolved "https://registry.yarnpkg.com/@react-aria/ssr/-/ssr-3.2.0.tgz#88460384b43204f91c972d5b0de24ee44d6a2984"
  integrity sha512-wwJFdkl+Q8NU5yJ4NvdAOqx5LM3QtUVoSjuK7Ey8jZ4WS4bB0EqT3Kr3IInBs257HzZ5nXCiKXKE4NGXXuIRWA==
  dependencies:
    "@babel/runtime" "^7.6.2"

"@react-aria/ssr@^3.2.0", "@react-aria/ssr@^3.6.0":
  version "3.6.0"
  resolved "https://registry.yarnpkg.com/@react-aria/ssr/-/ssr-3.6.0.tgz#e5d52bd1686ff229f68f806cf94ee29dd9f54fb7"
  integrity sha512-OFiYQdv+Yk7AO7IsQu/fAEPijbeTwrrEYvdNoJ3sblBBedD5j5fBTNWrUPNVlwC4XWWnWTCMaRIVsJujsFiWXg==
  dependencies:
    "@swc/helpers" "^0.4.14"

"@react-aria/table@3.3.0":
  version "3.3.0"
  resolved "https://registry.yarnpkg.com/@react-aria/table/-/table-3.3.0.tgz#48869c2fdbf63c5f04f2b4406c4f1b0f631b031f"
  integrity sha512-OYKO0qd/oWYhtbStGByyaRxvz3MSFY+8yIhp5ibr/3fBQw6PuCXAUMJGhhHj+boFVx0Qx+LUWtDk0LOPt5aA0w==
  dependencies:
    "@babel/runtime" "^7.6.2"
    "@react-aria/focus" "^3.6.0"
    "@react-aria/grid" "^3.3.0"
    "@react-aria/i18n" "^3.4.0"
    "@react-aria/interactions" "^3.9.0"
    "@react-aria/live-announcer" "^3.1.0"
    "@react-aria/selection" "^3.9.0"
    "@react-aria/utils" "^3.13.0"
    "@react-stately/table" "^3.2.0"
    "@react-stately/virtualizer" "^3.2.0"
    "@react-types/checkbox" "^3.3.0"
    "@react-types/grid" "^3.1.0"
    "@react-types/shared" "^3.13.0"
    "@react-types/table" "^3.2.0"

"@react-aria/toggle@^3.3.0":
  version "3.6.0"
  resolved "https://registry.yarnpkg.com/@react-aria/toggle/-/toggle-3.6.0.tgz#c80b5743b58ab11daf3f46a2142fd87e898b3a2a"
  integrity sha512-W6xncx5zzqCaPU2XsgjWnACHL3WBpxphYLvF5XlICRg0nZVjGPIWPDDUGyDoPsSUeGMW2vxtFY6erKXtcy4Kgw==
  dependencies:
    "@react-aria/focus" "^3.12.0"
    "@react-aria/interactions" "^3.15.0"
    "@react-aria/utils" "^3.16.0"
    "@react-stately/toggle" "^3.5.1"
    "@react-types/checkbox" "^3.4.3"
    "@react-types/shared" "^3.18.0"
    "@react-types/switch" "^3.3.1"
    "@swc/helpers" "^0.4.14"

"@react-aria/utils@3.13.0":
  version "3.13.0"
  resolved "https://registry.yarnpkg.com/@react-aria/utils/-/utils-3.13.0.tgz#a9523a9d4b19839601753749b65e19ac0ad5ca86"
  integrity sha512-iF/yYkUVCc2Cgyu7o8oE6w7a67P/M8gXKDR2tp592Be6iUKQPy2kb49VvSh+Bom6Wq/To3h4UBOLFI6I0VXJYA==
  dependencies:
    "@babel/runtime" "^7.6.2"
    "@react-aria/ssr" "^3.2.0"
    "@react-stately/utils" "^3.5.0"
    "@react-types/shared" "^3.13.0"
    clsx "^1.1.1"

"@react-aria/utils@^3.13.0", "@react-aria/utils@^3.16.0":
  version "3.16.0"
  resolved "https://registry.yarnpkg.com/@react-aria/utils/-/utils-3.16.0.tgz#0394f575e47b1c48a15844dc58e1775a9f72f8f5"
  integrity sha512-BumpgENDlXuoRPQm1OfVUYRcxY9vwuXw1AmUpwF61v55gAZT3LvJWsfF8jgfQNzLJr5jtr7xvUx7pXuEyFpJMA==
  dependencies:
    "@react-aria/ssr" "^3.6.0"
    "@react-stately/utils" "^3.6.0"
    "@react-types/shared" "^3.18.0"
    "@swc/helpers" "^0.4.14"
    clsx "^1.1.1"

"@react-aria/visually-hidden@3.3.0":
  version "3.3.0"
  resolved "https://registry.yarnpkg.com/@react-aria/visually-hidden/-/visually-hidden-3.3.0.tgz#2ecddb5704b9a2a68df918bb49e6f125a589ef99"
  integrity sha512-pnm4CzO/pI/2xfDMY9OcnlLqYYpaE1bIAwDdFzkXr6ldcR+4kG6N0dJprL6x+ZMgXbztfxUDSPLmexVQShmFsQ==
  dependencies:
    "@babel/runtime" "^7.6.2"
    "@react-aria/interactions" "^3.9.0"
    "@react-aria/utils" "^3.13.0"
    clsx "^1.1.1"

"@react-aria/visually-hidden@^3.3.0", "@react-aria/visually-hidden@^3.8.0":
  version "3.8.0"
  resolved "https://registry.yarnpkg.com/@react-aria/visually-hidden/-/visually-hidden-3.8.0.tgz#9bdcf708e4e628041d8fbac66c7dcb98b9529da9"
  integrity sha512-Ox7VcO8vfdA1rCHPcUuP9DWfCI9bNFVlvN/u66AfjwBLH40MnGGdob5hZswQnbxOY4e0kwkMQDmZwNPYzBQgsg==
  dependencies:
    "@react-aria/interactions" "^3.15.0"
    "@react-aria/utils" "^3.16.0"
    "@react-types/shared" "^3.18.0"
    "@swc/helpers" "^0.4.14"
    clsx "^1.1.1"

"@react-stately/checkbox@3.1.0":
  version "3.1.0"
  resolved "https://registry.yarnpkg.com/@react-stately/checkbox/-/checkbox-3.1.0.tgz#637fc0119bd567f0955cb99f9ef88810b211ea61"
  integrity sha512-K4c2etj5DCNjvNFP7PaKZxKlRwX/DmpcJzhCQX29jmZJtLsrjsVhLrVNr59NleHbHVsOifF1GwbPlVUKbL5Y0w==
  dependencies:
    "@babel/runtime" "^7.6.2"
    "@react-stately/toggle" "^3.3.0"
    "@react-stately/utils" "^3.5.0"
    "@react-types/checkbox" "^3.3.0"

"@react-stately/checkbox@^3.1.0":
  version "3.4.1"
  resolved "https://registry.yarnpkg.com/@react-stately/checkbox/-/checkbox-3.4.1.tgz#3b0930ce773d64c465a8ddfdb0d461d4ea8a79b5"
  integrity sha512-Ju1EBuIE/JJbuhd8xMkgqf3KuSNpRrwXsgtI+Ur42F+lAedZH7vqy+5bZPo0Q3u0yHcNJzexZXOxHZNqq1ij8w==
  dependencies:
    "@react-stately/toggle" "^3.5.1"
    "@react-stately/utils" "^3.6.0"
    "@react-types/checkbox" "^3.4.3"
    "@react-types/shared" "^3.18.0"
    "@swc/helpers" "^0.4.14"

"@react-stately/collections@^3.4.0", "@react-stately/collections@^3.7.0":
  version "3.7.0"
  resolved "https://registry.yarnpkg.com/@react-stately/collections/-/collections-3.7.0.tgz#5f032ba5e8b554e90bf1a2077220d2560618dbf7"
  integrity sha512-xZHJxjGXFe3LUbuNgR1yATBVSIQnm+ItLq2DJZo3JzTtRu3gEwLoRRoapPsBQnC5VsjcaimgoqvT05P0AlvCTQ==
  dependencies:
    "@react-types/shared" "^3.18.0"
    "@swc/helpers" "^0.4.14"

"@react-stately/data@3.5.0":
  version "3.5.0"
  resolved "https://registry.yarnpkg.com/@react-stately/data/-/data-3.5.0.tgz#ff5ea799868c12f0202b95ea170db1bafcf6d2bd"
  integrity sha512-Ww/tYEg0pOY870DJ7wTSlyCJ44jlwtmRuFsd649wD8pNKrYqkExYMO/gK9mfhR5hwaaHsubKl+XgqEgqHCr97g==
  dependencies:
    "@babel/runtime" "^7.6.2"
    "@react-types/shared" "^3.13.0"

"@react-stately/grid@^3.2.0", "@react-stately/grid@^3.6.0":
  version "3.6.0"
  resolved "https://registry.yarnpkg.com/@react-stately/grid/-/grid-3.6.0.tgz#210d09efc4df415cfcffb73b6c8cfa18f5bab0f4"
  integrity sha512-Sq/ivfq9Kskghoe6rYh2PfhB9/jBGfoj8wUZ4bqHcalTrBjfUvkcWMSFosibYPNZFDkA7r00bbJPDJVf1VLhuw==
  dependencies:
    "@react-stately/collections" "^3.7.0"
    "@react-stately/selection" "^3.13.0"
    "@react-types/grid" "^3.1.7"
    "@react-types/shared" "^3.18.0"
    "@swc/helpers" "^0.4.14"

"@react-stately/menu@^3.3.0":
  version "3.5.1"
  resolved "https://registry.yarnpkg.com/@react-stately/menu/-/menu-3.5.1.tgz#2cffe84d8c93920822fdd92bf716205460873db7"
  integrity sha512-nnuZlDBFIc3gB34kofbKDStFg9r8rijY+7ez2VWQmss72I9D7+JTn7OXJxV0oQt2lBYmNfS5W6bC9uXk3Z4dLg==
  dependencies:
    "@react-stately/overlays" "^3.5.1"
    "@react-stately/utils" "^3.6.0"
    "@react-types/menu" "^3.9.0"
    "@react-types/shared" "^3.18.0"
    "@swc/helpers" "^0.4.14"

"@react-stately/overlays@3.3.0":
  version "3.3.0"
  resolved "https://registry.yarnpkg.com/@react-stately/overlays/-/overlays-3.3.0.tgz#1775807fef9f49aedfca344c6db6cc89103638da"
  integrity sha512-x8ASMyhib7mL4ITgZQXUaTGGkFPZz4qPJVThdx9i6q1iu0CpO7hXpPxzrUFKPV+JV/fyXlWbo3n7tWBE2yHTVw==
  dependencies:
    "@babel/runtime" "^7.6.2"
    "@react-stately/utils" "^3.5.0"
    "@react-types/overlays" "^3.6.0"

"@react-stately/overlays@^3.3.0", "@react-stately/overlays@^3.5.1":
  version "3.5.1"
  resolved "https://registry.yarnpkg.com/@react-stately/overlays/-/overlays-3.5.1.tgz#7d876261fe288cfbc4cc56869481b7cd7a14e30f"
  integrity sha512-lDKqqpdaIQdJb8DS4+tT7p0TLyCeaUaFpEtWZNjyv1/nguoqYtSeRwnyPR4p/YM4AW7SJspNiTJSLQxkTMIa8w==
  dependencies:
    "@react-stately/utils" "^3.6.0"
    "@react-types/overlays" "^3.7.1"
    "@swc/helpers" "^0.4.14"

"@react-stately/radio@3.4.0":
  version "3.4.0"
  resolved "https://registry.yarnpkg.com/@react-stately/radio/-/radio-3.4.0.tgz#978ec2dabcb06ca7266fcdbe771fe191ffd7f0e3"
  integrity sha512-rdZbMzhVjFkN1BjhK4qZ61wddnFdkRzTPIXqpFo+iMD9x8VEn3lmOkOLIHUs0OyyMP0E/0Aje+F2ZT6/zqq6PA==
  dependencies:
    "@babel/runtime" "^7.6.2"
    "@react-stately/utils" "^3.5.0"
    "@react-types/radio" "^3.2.0"

"@react-stately/radio@^3.4.0":
  version "3.8.0"
  resolved "https://registry.yarnpkg.com/@react-stately/radio/-/radio-3.8.0.tgz#0d67dc499b2bebf2411e5ac272bf98e4911f2d24"
  integrity sha512-3xNocZ8jlS8JcQtlS+pGhGLmrTA/P6zWs7Xi3Cx/I6ialFVL7IE0W37Z0XTYrvpNhE9hmG4+j63ZqQDNj2nu6A==
  dependencies:
    "@react-stately/utils" "^3.6.0"
    "@react-types/radio" "^3.4.1"
    "@react-types/shared" "^3.18.0"
    "@swc/helpers" "^0.4.14"

"@react-stately/selection@^3.10.0", "@react-stately/selection@^3.13.0":
  version "3.13.0"
  resolved "https://registry.yarnpkg.com/@react-stately/selection/-/selection-3.13.0.tgz#a4efe8ebebd99cc38fa5cfe90c9038bbe155192a"
  integrity sha512-F6FiB5GIS6wdmDDJtD2ofr+y6ysLHcvHVyUZHm00aEup2hcNjtNx3x4MlFIc3tO1LvxDSIIWXJhPXdB4sb32uw==
  dependencies:
    "@react-stately/collections" "^3.7.0"
    "@react-stately/utils" "^3.6.0"
    "@react-types/shared" "^3.18.0"
    "@swc/helpers" "^0.4.14"

"@react-stately/table@3.2.0":
  version "3.2.0"
  resolved "https://registry.yarnpkg.com/@react-stately/table/-/table-3.2.0.tgz#862ed28b1133e8766ef48bee9fc876ff279c7418"
  integrity sha512-W4MJITIxma6PCpRX1Z9vi6F35mJiwpM+g24yVG7VK6JD9Fbiw2nIPJf5ZYo11EI2PdIJlamv/xYqYtn2kmGlWw==
  dependencies:
    "@babel/runtime" "^7.6.2"
    "@react-aria/utils" "^3.13.0"
    "@react-stately/collections" "^3.4.0"
    "@react-stately/grid" "^3.2.0"
    "@react-stately/selection" "^3.10.0"
    "@react-types/grid" "^3.1.0"
    "@react-types/shared" "^3.13.0"
    "@react-types/table" "^3.2.0"

"@react-stately/table@^3.2.0":
  version "3.9.0"
  resolved "https://registry.yarnpkg.com/@react-stately/table/-/table-3.9.0.tgz#8e8e60adec80f943d0f842b1629bfe84b0bef16b"
  integrity sha512-Cl0jmC5eCEhWBAhCjhGklsgYluziNZHF34lHnc99T/DPP+OxwrgwS9rJKTW7L6UOvHU/ADKjEwkE/fZuqVBohg==
  dependencies:
    "@react-stately/collections" "^3.7.0"
    "@react-stately/grid" "^3.6.0"
    "@react-stately/selection" "^3.13.0"
    "@react-types/grid" "^3.1.7"
    "@react-types/shared" "^3.18.0"
    "@react-types/table" "^3.6.0"
    "@swc/helpers" "^0.4.14"

"@react-stately/toggle@3.3.0":
  version "3.3.0"
  resolved "https://registry.yarnpkg.com/@react-stately/toggle/-/toggle-3.3.0.tgz#9330d57f0d4ae9f2c32009851fdcde546fc2db73"
  integrity sha512-fiVT1yw9qBBWyfFviUwNR4AcdCnN7TPAX2VpuL7LO7zB1a+sOGiTz3nTnHI4837trvpsXHpCvYXTBMY6yxGEMg==
  dependencies:
    "@babel/runtime" "^7.6.2"
    "@react-stately/utils" "^3.5.0"
    "@react-types/checkbox" "^3.3.0"
    "@react-types/shared" "^3.13.0"

"@react-stately/toggle@^3.3.0", "@react-stately/toggle@^3.5.1":
  version "3.5.1"
  resolved "https://registry.yarnpkg.com/@react-stately/toggle/-/toggle-3.5.1.tgz#9e8a2c55f8e18c5904c07f724cf7c056fd55660c"
  integrity sha512-PF4ZaATpXWu7DkneGSZ2/PA6LJ1MrhKNiaENTZlbojXMRr5kK33wPzaDW7I8O25IUm0+rvQicv7A6QkEOxgOPg==
  dependencies:
    "@react-stately/utils" "^3.6.0"
    "@react-types/checkbox" "^3.4.3"
    "@react-types/shared" "^3.18.0"
    "@swc/helpers" "^0.4.14"

"@react-stately/tree@3.3.0":
  version "3.3.0"
  resolved "https://registry.yarnpkg.com/@react-stately/tree/-/tree-3.3.0.tgz#478ba8e0625b7b975e81b0ba5dfd378202d04f56"
  integrity sha512-Ic3QMRlrLbbnYPEbiraJdDAcrOnaLd7nJK7qG/cq7Jg7gfruqbO4XFzy+2w7I5B2BbXqFCivtCgEQZIYsgMaSw==
  dependencies:
    "@babel/runtime" "^7.6.2"
    "@react-stately/collections" "^3.4.0"
    "@react-stately/selection" "^3.10.0"
    "@react-stately/utils" "^3.5.0"
    "@react-types/shared" "^3.13.0"

"@react-stately/tree@^3.3.0":
  version "3.6.0"
  resolved "https://registry.yarnpkg.com/@react-stately/tree/-/tree-3.6.0.tgz#bdcb645ca2e566d0a7e3dc1cdde13b491f34dfc1"
  integrity sha512-9ekYGaebgMmd2p6PGRzsvr8KsDsDnrJF2uLV1GMq9hBaMxOLN5/dpxgfZGdHWoF3MXgeHeLloqrleMNfO6g64Q==
  dependencies:
    "@react-stately/collections" "^3.7.0"
    "@react-stately/selection" "^3.13.0"
    "@react-stately/utils" "^3.6.0"
    "@react-types/shared" "^3.18.0"
    "@swc/helpers" "^0.4.14"

"@react-stately/utils@^3.5.0", "@react-stately/utils@^3.6.0":
  version "3.6.0"
  resolved "https://registry.yarnpkg.com/@react-stately/utils/-/utils-3.6.0.tgz#f273e7fcb348254347d2e88c8f0c45571060c207"
  integrity sha512-rptF7iUWDrquaYvBAS4QQhOBQyLBncDeHF03WnHXAxnuPJXNcr9cXJtjJPGCs036ZB8Q2hc9BGG5wNyMkF5v+Q==
  dependencies:
    "@swc/helpers" "^0.4.14"

"@react-stately/virtualizer@^3.2.0", "@react-stately/virtualizer@^3.5.1":
  version "3.5.1"
  resolved "https://registry.yarnpkg.com/@react-stately/virtualizer/-/virtualizer-3.5.1.tgz#176516da9b97f2a78159655d95412e98f1226c82"
  integrity sha512-TVszEl8+os5eAwoETAJ0ndz5cnYFQs52OIcWonKRYbNp5KvWAV+OA2HuIrB3SSC29ZRB2bDqpj4S2LY4wWJPCw==
  dependencies:
    "@react-aria/utils" "^3.16.0"
    "@react-types/shared" "^3.18.0"
    "@swc/helpers" "^0.4.14"

"@react-types/button@^3.5.0", "@react-types/button@^3.7.2":
  version "3.7.2"
  resolved "https://registry.yarnpkg.com/@react-types/button/-/button-3.7.2.tgz#954566e9b576780bda0c018d7f5046a1d44f5677"
  integrity sha512-P7L+r+k4yVrvsfEWx3wlzbb+G7c9XNWzxEBfy6WX9HnKb/J5bo4sP5Zi8/TFVaKTlaG60wmVhdr+8KWSjL0GuQ==
  dependencies:
    "@react-types/shared" "^3.18.0"

"@react-types/checkbox@3.3.0":
  version "3.3.0"
  resolved "https://registry.yarnpkg.com/@react-types/checkbox/-/checkbox-3.3.0.tgz#e2f7e9fc833a037452f0b2747eef18ca8d327fe0"
  integrity sha512-aAlorLrY9mTQ01hBSXP+p5dXVLmhwYwPu+lW8rJSosyaZFtaV6GdNHaYb/NioR5YjiMInableWvIxSuTurrMmA==
  dependencies:
    "@react-types/shared" "^3.13.0"

"@react-types/checkbox@^3.3.0", "@react-types/checkbox@^3.4.3":
  version "3.4.3"
  resolved "https://registry.yarnpkg.com/@react-types/checkbox/-/checkbox-3.4.3.tgz#fb1585030b000a9fcc87d624a218dd3f2e3038d1"
  integrity sha512-kn2f8mK88yvRrCfh8jYCDL2xpPhSApFWk9+qjWGsX/bnGGob7D5n71YYQ4cS58117YK2nrLc/AyQJXcZnJiA7Q==
  dependencies:
    "@react-types/shared" "^3.18.0"

"@react-types/dialog@^3.4.0":
  version "3.5.1"
  resolved "https://registry.yarnpkg.com/@react-types/dialog/-/dialog-3.5.1.tgz#0e1faa133238e026c4ba52c62fd2c8d748539b1f"
  integrity sha512-a0eeGIITFuOxY2fIL1WkJT5yWIMIQ+VM4vE5MtS59zV9JynDaiL4uNL4yg08kJZm8oyzxIWwrov4gAbEVVWbDQ==
  dependencies:
    "@react-types/overlays" "^3.7.1"
    "@react-types/shared" "^3.18.0"

"@react-types/grid@3.1.0":
  version "3.1.0"
  resolved "https://registry.yarnpkg.com/@react-types/grid/-/grid-3.1.0.tgz#f8c60582a8119dfddbaf99ac65725b5645464fad"
  integrity sha512-cQNHz5qHw4GDSWTgu1hUXj7aXly/WmqUMIMnpwfqOt9UYFDH/9cIXvGfwUH+7wSVEdJQrkMYtHp1lpP8INWmew==
  dependencies:
    "@react-types/shared" "^3.13.0"

"@react-types/grid@^3.1.0", "@react-types/grid@^3.1.7":
  version "3.1.7"
  resolved "https://registry.yarnpkg.com/@react-types/grid/-/grid-3.1.7.tgz#f031b7c258550610cc3ba2e197b95214c1472177"
  integrity sha512-YKo/AbJrgWErPmr5y0K4o6Ts9ModFv5+2FVujecIydu3zLuHsVcx//6uVeHSy2W+uTV9vU/dpMP+GGgg+vWQhw==
  dependencies:
    "@react-types/shared" "^3.18.0"

"@react-types/label@^3.6.0", "@react-types/label@^3.7.3":
  version "3.7.3"
  resolved "https://registry.yarnpkg.com/@react-types/label/-/label-3.7.3.tgz#adab02949088a450f9dd947319bc5ca66eef5c4b"
  integrity sha512-TKuQ2REPl4UVq/wl3CAujzixeNVVso0Kob+0T1nP8jIt9k9ssdLMAgSh8Z4zNNfR+oBIngYOA9IToMnbx6qACA==
  dependencies:
    "@react-types/shared" "^3.18.0"

"@react-types/menu@3.6.0":
  version "3.6.0"
  resolved "https://registry.yarnpkg.com/@react-types/menu/-/menu-3.6.0.tgz#ddbdaf2d1f5b846411b1cf0370e39705e656d62f"
  integrity sha512-GO6GjM+WH+8nOC9c1sVBPE9dYC5vKGBCNA3YxleQq9T2unFB0NOZc8hbzbFcAdwn7NnQbV9eLc0XHpUEkL9NLA==
  dependencies:
    "@react-types/overlays" "^3.6.0"
    "@react-types/shared" "^3.13.0"

"@react-types/menu@^3.6.0", "@react-types/menu@^3.9.0":
  version "3.9.0"
  resolved "https://registry.yarnpkg.com/@react-types/menu/-/menu-3.9.0.tgz#2c98335e9e563f06a25996cde73b99a8920ef6a9"
  integrity sha512-aalUYwOkzcHn8X59vllgtH96YLqZvAr4mTj5GEs8chv5JVlmArUzcDiOymNrYZ0p9JzshzSUqxxXyCFpnnxghw==
  dependencies:
    "@react-types/overlays" "^3.7.1"
    "@react-types/shared" "^3.18.0"

"@react-types/overlays@3.6.0":
  version "3.6.0"
  resolved "https://registry.yarnpkg.com/@react-types/overlays/-/overlays-3.6.0.tgz#2aed36e3cbdf6eab355dec094ea4934b9f559945"
  integrity sha512-atoRgctzNHxWE4qhI2YLI/0Y9bicsib3EnaliV0jUQf2oJMr0S8yKVwwx+K0ENh9Ah00XBEFQxkjgP1q3xQQYw==
  dependencies:
    "@react-types/shared" "^3.13.0"

"@react-types/overlays@^3.6.0", "@react-types/overlays@^3.7.1":
  version "3.7.1"
  resolved "https://registry.yarnpkg.com/@react-types/overlays/-/overlays-3.7.1.tgz#f06bf0b7845e5a609c3a3eda0bb3f2aea71a143a"
  integrity sha512-2AwYQkelr4p1uXR1KJIGQEbubOumzM853Hsyup2y/TaMbjvBWOVyzYWSrQURex667JZmpwUb0qjkEH+4z3Q74g==
  dependencies:
    "@react-types/shared" "^3.18.0"

"@react-types/radio@^3.2.0", "@react-types/radio@^3.4.1":
  version "3.4.1"
  resolved "https://registry.yarnpkg.com/@react-types/radio/-/radio-3.4.1.tgz#e79efb40c35109d888d3aa8de4d8dd0f4c4028e3"
  integrity sha512-8r7s+Zj0JoIpYgbuHjhE/eWUHKiptaFvYXMH986yKAg969VQlQiP9Dm4oWv2d+p26WbGK7oJDQJCt8NjASWl8g==
  dependencies:
    "@react-types/shared" "^3.18.0"

"@react-types/shared@3.13.0":
  version "3.13.0"
  resolved "https://registry.yarnpkg.com/@react-types/shared/-/shared-3.13.0.tgz#01ef4312886ed8d449065f44168e2bfd3134acb7"
  integrity sha512-ha+Xzn6gG/aww2nl7A6kYSJdYQypTxdYgNrJvddDB7h0QuyVQTf27iVleOWrmkHQ1TM9Q/FUbMdJ93CgdtP26g==

"@react-types/shared@^3.13.0", "@react-types/shared@^3.18.0":
  version "3.18.0"
  resolved "https://registry.yarnpkg.com/@react-types/shared/-/shared-3.18.0.tgz#4f2bacad5912eba6667695ee3f9e8ac9f79849f7"
  integrity sha512-WJj7RAPj7NLdR/VzFObgvCju9NMDktWSruSPJ3DrL5qyrrvJoyMW67L4YjNoVp2b7Y+k10E0q4fSMV0PlJoL0w==

"@react-types/switch@^3.3.1":
  version "3.3.1"
  resolved "https://registry.yarnpkg.com/@react-types/switch/-/switch-3.3.1.tgz#76f644391918d3035c7dc3228724b462dfd81924"
  integrity sha512-EvKWPtcOLTF7Wh8YCxJEtmqRZX3qSLRYPaIntl/CKF+14QXErPXwOn0ObLfy6VNda5jDJBOecWpgC69JEjkvfw==
  dependencies:
    "@react-types/checkbox" "^3.4.3"
    "@react-types/shared" "^3.18.0"

"@react-types/table@^3.2.0", "@react-types/table@^3.6.0":
  version "3.6.0"
  resolved "https://registry.yarnpkg.com/@react-types/table/-/table-3.6.0.tgz#f71718ac85a9352a5f52a2d8d8bdf98883cf1f54"
  integrity sha512-jUp8yTWJuJlqpJY+EIEppgjFsZ3oj4y9zg1oUO+l1rqRWEqmAdoq42g3dTZHmnz9hQJkUeo34I1HGaB9kxNqvg==
  dependencies:
    "@react-types/grid" "^3.1.7"
    "@react-types/shared" "^3.18.0"

"@stitches/react@1.2.8":
  version "1.2.8"
  resolved "https://registry.yarnpkg.com/@stitches/react/-/react-1.2.8.tgz#954f8008be8d9c65c4e58efa0937f32388ce3a38"
  integrity sha512-9g9dWI4gsSVe8bNLlb+lMkBYsnIKCZTmvqvDG+Avnn69XfmHZKiaMrx7cgTaddq7aTPPmXiTsbFcUy0xgI4+wA==

"@swc/helpers@0.4.14", "@swc/helpers@^0.4.14":
  version "0.4.14"
  resolved "https://registry.yarnpkg.com/@swc/helpers/-/helpers-0.4.14.tgz#1352ac6d95e3617ccb7c1498ff019654f1e12a74"
  integrity sha512-4C7nX/dvpzB7za4Ql9K81xK3HPxCpHMgwTZVyf+9JQ6VUbn9jjZVN7/Nkdz/Ugzs2CSjqnL/UPXroiVBVHUWUw==
  dependencies:
    tslib "^2.4.0"

"@types/node@18.0.3":
  version "18.0.3"
  resolved "https://registry.yarnpkg.com/@types/node/-/node-18.0.3.tgz#463fc47f13ec0688a33aec75d078a0541a447199"
  integrity sha512-HzNRZtp4eepNitP+BD6k2L6DROIDG4Q0fm4x+dwfsr6LGmROENnok75VGw40628xf+iR24WeMFcHuuBDUAzzsQ==

"@types/prop-types@*":
  version "15.7.5"
  resolved "https://registry.yarnpkg.com/@types/prop-types/-/prop-types-15.7.5.tgz#5f19d2b85a98e9558036f6a3cacc8819420f05cf"
  integrity sha512-JCB8C6SnDoQf0cNycqd/35A7MjcnK+ZTqE7judS6o7utxUCg6imJg3QK2qzHKszlTjcj2cn+NwMB2i96ubpj7w==

"@types/react-dom@18.0.6":
  version "18.0.6"
  resolved "https://registry.yarnpkg.com/@types/react-dom/-/react-dom-18.0.6.tgz#36652900024842b74607a17786b6662dd1e103a1"
  integrity sha512-/5OFZgfIPSwy+YuIBP/FgJnQnsxhZhjjrnxudMddeblOouIodEQ75X14Rr4wGSG/bknL+Omy9iWlLo1u/9GzAA==
  dependencies:
    "@types/react" "*"

"@types/react@*":
  version "18.0.35"
  resolved "https://registry.yarnpkg.com/@types/react/-/react-18.0.35.tgz#192061cb1044fe01f2d3a94272cd35dd50502741"
  integrity sha512-6Laome31HpetaIUGFWl1VQ3mdSImwxtFZ39rh059a1MNnKGqBpC88J6NJ8n/Is3Qx7CefDGLgf/KhN/sYCf7ag==
  dependencies:
    "@types/prop-types" "*"
    "@types/scheduler" "*"
    csstype "^3.0.2"

"@types/react@18.0.15":
  version "18.0.15"
  resolved "https://registry.yarnpkg.com/@types/react/-/react-18.0.15.tgz#d355644c26832dc27f3e6cbf0c4f4603fc4ab7fe"
  integrity sha512-iz3BtLuIYH1uWdsv6wXYdhozhqj20oD4/Hk2DNXIn1kFsmp9x8d9QB6FnPhfkbhd2PgEONt9Q1x/ebkwjfFLow==
  dependencies:
    "@types/prop-types" "*"
    "@types/scheduler" "*"
    csstype "^3.0.2"

"@types/scheduler@*":
  version "0.16.3"
  resolved "https://registry.yarnpkg.com/@types/scheduler/-/scheduler-0.16.3.tgz#cef09e3ec9af1d63d2a6cc5b383a737e24e6dcf5"
  integrity sha512-5cJ8CB4yAx7BH1oMvdU0Jh9lrEXyPkar6F9G/ERswkCuvP4KQZfZkSjcMbAICCpQTN4OuZn8tz0HiKv9TGZgrQ==

busboy@1.6.0:
  version "1.6.0"
  resolved "https://registry.yarnpkg.com/busboy/-/busboy-1.6.0.tgz#966ea36a9502e43cdb9146962523b92f531f6893"
  integrity sha512-8SFQbg/0hQ9xy3UNTB0YEnsNBbWfhf7RtnzpL7TkBiTBRfrQ9Fxcnz7VJsleJpyp6rVLvXiuORqjlHi5q+PYuA==
  dependencies:
    streamsearch "^1.1.0"

caniuse-lite@^1.0.30001406:
  version "1.0.30001478"
  resolved "https://registry.yarnpkg.com/caniuse-lite/-/caniuse-lite-1.0.30001478.tgz#0ef8a1cf8b16be47a0f9fc4ecfc952232724b32a"
  integrity sha512-gMhDyXGItTHipJj2ApIvR+iVB5hd0KP3svMWWXDvZOmjzJJassGLMfxRkQCSYgGd2gtdL/ReeiyvMSFD1Ss6Mw==

client-only@0.0.1:
  version "0.0.1"
  resolved "https://registry.yarnpkg.com/client-only/-/client-only-0.0.1.tgz#38bba5d403c41ab150bff64a95c85013cf73bca1"
  integrity sha512-IV3Ou0jSMzZrd3pZ48nLkT9DA7Ag1pnPzaiQhpW7c3RbcqqzvzzVu+L8gfqMp/8IM2MQtSiqaCxrrcfu8I8rMA==

clsx@^1.1.1:
  version "1.2.1"
  resolved "https://registry.yarnpkg.com/clsx/-/clsx-1.2.1.tgz#0ddc4a20a549b59c93a4116bb26f5294ca17dc12"
  integrity sha512-EcR6r5a8bj6pu3ycsa/E/cKVGuTgZJZdsyUYHOksG/UHIiKfjxzRxYJpyVBwYaQeOvghal9fcc4PidlgzugAQg==

csstype@^3.0.2:
  version "3.1.2"
  resolved "https://registry.yarnpkg.com/csstype/-/csstype-3.1.2.tgz#1d4bf9d572f11c14031f0436e1c10bc1f571f50b"
  integrity sha512-I7K1Uu0MBPzaFKg4nI5Q7Vs2t+3gWWW648spaF+Rg7pI9ds18Ugn+lvg4SHczUdKlHI5LWBXyqfS8+DufyBsgQ==

dom-helpers@^5.0.1, dom-helpers@^5.2.1:
  version "5.2.1"
  resolved "https://registry.yarnpkg.com/dom-helpers/-/dom-helpers-5.2.1.tgz#d9400536b2bf8225ad98fe052e029451ac40e902"
  integrity sha512-nRCa7CK3VTrM2NmGkIy4cbK7IZlgBE/PYMn55rrXefr5xXDP0LdtfPnblFDoVdcAfslJ7or6iqAUnx0CCGIWQA==
  dependencies:
    "@babel/runtime" "^7.8.7"
    csstype "^3.0.2"

intl-messageformat@^10.1.0:
  version "10.3.3"
  resolved "https://registry.yarnpkg.com/intl-messageformat/-/intl-messageformat-10.3.3.tgz#576798d31c9f8d90f9beadaa5a3878b8d30177a2"
  integrity sha512-un/f07/g2e/3Q8e1ghDKET+el22Bi49M7O/rHxd597R+oLpPOMykSv5s51cABVfu3FZW+fea4hrzf2MHu1W4hw==
  dependencies:
    "@formatjs/ecma402-abstract" "1.14.3"
    "@formatjs/fast-memoize" "2.0.1"
    "@formatjs/icu-messageformat-parser" "2.3.0"
    tslib "^2.4.0"

"js-tokens@^3.0.0 || ^4.0.0":
  version "4.0.0"
  resolved "https://registry.yarnpkg.com/js-tokens/-/js-tokens-4.0.0.tgz#19203fb59991df98e3a287050d4647cdeaf32499"
  integrity sha512-RdJUflcE3cUzKiMqQgsCu06FPu9UdIJO0beYbPhHN4k6apgJtifcoCtT9bcxOpYBtpD2kCM6Sbzg4CausW/PKQ==

loose-envify@^1.1.0, loose-envify@^1.4.0:
  version "1.4.0"
  resolved "https://registry.yarnpkg.com/loose-envify/-/loose-envify-1.4.0.tgz#71ee51fa7be4caec1a63839f7e682d8132d30caf"
  integrity sha512-lyuxPGr/Wfhrlem2CL/UcnUc1zcqKAImBDzukY7Y5F/yQiNdko6+fRLevlw1HgMySw7f611UIY408EtxRSoK3Q==
  dependencies:
    js-tokens "^3.0.0 || ^4.0.0"

nanoid@^3.3.4:
  version "3.3.6"
  resolved "https://registry.yarnpkg.com/nanoid/-/nanoid-3.3.6.tgz#443380c856d6e9f9824267d960b4236ad583ea4c"
  integrity sha512-BGcqMMJuToF7i1rt+2PWSNVnWIkGCU78jBG3RxO/bZlnZPK2Cmi2QaffxGO/2RvWi9sL+FAiRiXMgsyxQ1DIDA==

next@latest:
  version "13.3.0"
  resolved "https://registry.yarnpkg.com/next/-/next-13.3.0.tgz#40632d303d74fc8521faa0a5bf4a033a392749b1"
  integrity sha512-OVTw8MpIPa12+DCUkPqRGPS3thlJPcwae2ZL4xti3iBff27goH024xy4q2lhlsdoYiKOi8Kz6uJoLW/GXwgfOA==
  dependencies:
    "@next/env" "13.3.0"
    "@swc/helpers" "0.4.14"
    busboy "1.6.0"
    caniuse-lite "^1.0.30001406"
    postcss "8.4.14"
    styled-jsx "5.1.1"
  optionalDependencies:
    "@next/swc-darwin-arm64" "13.3.0"
    "@next/swc-darwin-x64" "13.3.0"
    "@next/swc-linux-arm64-gnu" "13.3.0"
    "@next/swc-linux-arm64-musl" "13.3.0"
    "@next/swc-linux-x64-gnu" "13.3.0"
    "@next/swc-linux-x64-musl" "13.3.0"
    "@next/swc-win32-arm64-msvc" "13.3.0"
    "@next/swc-win32-ia32-msvc" "13.3.0"
    "@next/swc-win32-x64-msvc" "13.3.0"

object-assign@^4.1.1:
  version "4.1.1"
  resolved "https://registry.yarnpkg.com/object-assign/-/object-assign-4.1.1.tgz#2109adc7965887cfc05cbbd442cac8bfbb360863"
  integrity sha512-rJgTQnkUnH1sFw8yT6VSU3zD3sWmu6sZhIseY8VX+GRu3P6F7Fu+JNDoXfklElbLJSnc3FUQHVe4cU5hj+BcUg==

picocolors@^1.0.0:
  version "1.0.0"
  resolved "https://registry.yarnpkg.com/picocolors/-/picocolors-1.0.0.tgz#cb5bdc74ff3f51892236eaf79d68bc44564ab81c"
  integrity sha512-1fygroTLlHu66zi26VoTDv8yRgm0Fccecssto+MhsZ0D/DGW2sm8E8AjW7NU5VVTRt5GxbeZ5qBuJr+HyLYkjQ==

postcss@8.4.14:
  version "8.4.14"
  resolved "https://registry.yarnpkg.com/postcss/-/postcss-8.4.14.tgz#ee9274d5622b4858c1007a74d76e42e56fd21caf"
  integrity sha512-E398TUmfAYFPBSdzgeieK2Y1+1cpdxJx8yXbK/m57nRhKSmk1GB2tO4lbLBtlkfPQTDKfe4Xqv1ASWPpayPEig==
  dependencies:
    nanoid "^3.3.4"
    picocolors "^1.0.0"
    source-map-js "^1.0.2"

prop-types@^15.6.2:
  version "15.8.1"
  resolved "https://registry.yarnpkg.com/prop-types/-/prop-types-15.8.1.tgz#67d87bf1a694f48435cf332c24af10214a3140b5"
  integrity sha512-oj87CgZICdulUohogVAR7AjlC0327U4el4L6eAvOqCeudMDVU0NThNaV+b9Df4dXgSP1gXMTnPdhfe/2qDH5cg==
  dependencies:
    loose-envify "^1.4.0"
    object-assign "^4.1.1"
    react-is "^16.13.1"

react-dom@18.2.0:
  version "18.2.0"
  resolved "https://registry.yarnpkg.com/react-dom/-/react-dom-18.2.0.tgz#22aaf38708db2674ed9ada224ca4aa708d821e3d"
  integrity sha512-6IMTriUmvsjHUjNtEDudZfuDQUoWXVxKHhlEGSk81n4YFS+r/Kl99wXiwlVXtPBtJenozv2P+hxDsw9eA7Xo6g==
  dependencies:
    loose-envify "^1.1.0"
    scheduler "^0.23.0"

react-is@^16.13.1:
  version "16.13.1"
  resolved "https://registry.yarnpkg.com/react-is/-/react-is-16.13.1.tgz#789729a4dc36de2999dc156dd6c1d9c18cea56a4"
  integrity sha512-24e6ynE2H+OKt4kqsOvNd8kBpV65zoxbA4BVsEOB3ARVWQki/DHzaUoC5KuON/BiccDaCCTZBuOcfZs70kR8bQ==

react-transition-group@^4.4.2:
  version "4.4.5"
  resolved "https://registry.yarnpkg.com/react-transition-group/-/react-transition-group-4.4.5.tgz#e53d4e3f3344da8521489fbef8f2581d42becdd1"
  integrity sha512-pZcd1MCJoiKiBR2NRxeCRg13uCXbydPnmB4EOeRrY7480qNWO8IIgQG6zlDkm6uRMsURXPuKq0GWtiM59a5Q6g==
  dependencies:
    "@babel/runtime" "^7.5.5"
    dom-helpers "^5.0.1"
    loose-envify "^1.4.0"
    prop-types "^15.6.2"

react@18.2.0:
  version "18.2.0"
  resolved "https://registry.yarnpkg.com/react/-/react-18.2.0.tgz#555bd98592883255fa00de14f1151a917b5d77d5"
  integrity sha512-/3IjMdb2L9QbBdWiW5e3P2/npwMBaU9mHCSCUzNln0ZCYbcfTsGbTJrU/kGemdH2IWmB2ioZ+zkxtmq6g09fGQ==
  dependencies:
    loose-envify "^1.1.0"

regenerator-runtime@^0.13.11, regenerator-runtime@^0.13.4:
  version "0.13.11"
  resolved "https://registry.yarnpkg.com/regenerator-runtime/-/regenerator-runtime-0.13.11.tgz#f6dca3e7ceec20590d07ada785636a90cdca17f9"
  integrity sha512-kY1AZVr2Ra+t+piVaJ4gxaFaReZVH40AKNo7UCX6W+dEwBo/2oZJzqfuN1qLq1oL45o56cPaTXELwrTh8Fpggg==

scheduler@^0.23.0:
  version "0.23.0"
  resolved "https://registry.yarnpkg.com/scheduler/-/scheduler-0.23.0.tgz#ba8041afc3d30eb206a487b6b384002e4e61fdfe"
  integrity sha512-CtuThmgHNg7zIZWAXi3AsyIzA3n4xx7aNyjwC2VJldO2LMVDhFK+63xGqq6CsJH4rTAt6/M+N4GhZiDYPx9eUw==
  dependencies:
    loose-envify "^1.1.0"

source-map-js@^1.0.2:
  version "1.0.2"
  resolved "https://registry.yarnpkg.com/source-map-js/-/source-map-js-1.0.2.tgz#adbc361d9c62df380125e7f161f71c826f1e490c"
  integrity sha512-R0XvVJ9WusLiqTCEiGCmICCMplcCkIwwR11mOSD9CR5u+IXYdiseeEuXCVAjS54zqwkLcPNnmU4OeJ6tUrWhDw==

streamsearch@^1.1.0:
  version "1.1.0"
  resolved "https://registry.yarnpkg.com/streamsearch/-/streamsearch-1.1.0.tgz#404dd1e2247ca94af554e841a8ef0eaa238da764"
  integrity sha512-Mcc5wHehp9aXz1ax6bZUyY5afg9u2rv5cqQI3mRrYkGC8rW2hM02jWuwjtL++LS5qinSyhj2QfLyNsuc+VsExg==

styled-jsx@5.1.1:
  version "5.1.1"
  resolved "https://registry.yarnpkg.com/styled-jsx/-/styled-jsx-5.1.1.tgz#839a1c3aaacc4e735fed0781b8619ea5d0009d1f"
  integrity sha512-pW7uC1l4mBZ8ugbiZrcIsiIvVx1UmTfw7UkC3Um2tmfUq9Bhk8IiyEIPl6F8agHgjzku6j0xQEZbfA5uSgSaCw==
  dependencies:
    client-only "0.0.1"

tslib@^2.4.0:
  version "2.5.0"
  resolved "https://registry.yarnpkg.com/tslib/-/tslib-2.5.0.tgz#42bfed86f5787aeb41d031866c8f402429e0fddf"
  integrity sha512-336iVw3rtn2BUK7ORdIAHTyxHGRIHVReokCR3XjbckJMK7ms8FysBfhLR8IXnAgy7T0PTPNBWKiH514FOW/WSg==

typescript@4.7.4:
  version "4.7.4"
  resolved "https://registry.yarnpkg.com/typescript/-/typescript-4.7.4.tgz#1a88596d1cf47d59507a1bcdfb5b9dfe4d488235"
  integrity sha512-C0WQT0gezHuw6AdY1M2jxUO83Rjf0HP7Sk1DtXj6j1EwkQNZrHAg2XPWlq62oqEhYvONq5pkC2Y9oPljWToLmQ==
